
Microsoft Visual Studio Solution File, Format Version 12.00
# Visual Studio Version 17
VisualStudioVersion = 17.0.32112.339
MinimumVisualStudioVersion = 10.0.40219.1
Project("{9A19103F-16F7-4668-BE54-9A1E7A4F7556}") = "TiendaServicios.API.Author", "TiendaServicios.API.Author\TiendaServicios.API.Author.csproj", "{62865255-A548-4CA5-9E2F-1D440D39437F}"
EndProject
Project("{9A19103F-16F7-4668-BE54-9A1E7A4F7556}") = "TiendaServicios.API.Book", "TiendaServicios.API.Book\TiendaServicios.API.Book.csproj", "{C4160E53-4BF7-4E3F-97B7-BEC0875C9AC4}"
EndProject
Project("{FAE04EC0-301F-11D3-BF4B-00C04F79EFBC}") = "TiendaServicios.API.ShoppingCart", "TiendaServicios.API.ShoppingCart\TiendaServicios.API.ShoppingCart.csproj", "{0D0B633B-3A25-43EB-B2A0-1EBEF9676188}"
EndProject
Project("{FAE04EC0-301F-11D3-BF4B-00C04F79EFBC}") = "TiendaServicios.API.Test.Book", "TiendaServicios.API.Test.Book\TiendaServicios.API.Test.Book.csproj", "{0BA48BC2-6DEA-4FE2-A78E-A54F07C28582}"
EndProject
Global
	GlobalSection(SolutionConfigurationPlatforms) = preSolution
		Debug|Any CPU = Debug|Any CPU
		Release|Any CPU = Release|Any CPU
	EndGlobalSection
	GlobalSection(ProjectConfigurationPlatforms) = postSolution
		{62865255-A548-4CA5-9E2F-1D440D39437F}.Debug|Any CPU.ActiveCfg = Debug|Any CPU
		{62865255-A548-4CA5-9E2F-1D440D39437F}.Debug|Any CPU.Build.0 = Debug|Any CPU
		{62865255-A548-4CA5-9E2F-1D440D39437F}.Release|Any CPU.ActiveCfg = Release|Any CPU
		{62865255-A548-4CA5-9E2F-1D440D39437F}.Release|Any CPU.Build.0 = Release|Any CPU
		{C4160E53-4BF7-4E3F-97B7-BEC0875C9AC4}.Debug|Any CPU.ActiveCfg = Debug|Any CPU
		{C4160E53-4BF7-4E3F-97B7-BEC0875C9AC4}.Debug|Any CPU.Build.0 = Debug|Any CPU
		{C4160E53-4BF7-4E3F-97B7-BEC0875C9AC4}.Release|Any CPU.ActiveCfg = Release|Any CPU
		{C4160E53-4BF7-4E3F-97B7-BEC0875C9AC4}.Release|Any CPU.Build.0 = Release|Any CPU
		{0D0B633B-3A25-43EB-B2A0-1EBEF9676188}.Debug|Any CPU.ActiveCfg = Debug|Any CPU
		{0D0B633B-3A25-43EB-B2A0-1EBEF9676188}.Debug|Any CPU.Build.0 = Debug|Any CPU
		{0D0B633B-3A25-43EB-B2A0-1EBEF9676188}.Release|Any CPU.ActiveCfg = Release|Any CPU
		{0D0B633B-3A25-43EB-B2A0-1EBEF9676188}.Release|Any CPU.Build.0 = Release|Any CPU
		{0BA48BC2-6DEA-4FE2-A78E-A54F07C28582}.Debug|Any CPU.ActiveCfg = Debug|Any CPU
		{0BA48BC2-6DEA-4FE2-A78E-A54F07C28582}.Debug|Any CPU.Build.0 = Debug|Any CPU
		{0BA48BC2-6DEA-4FE2-A78E-A54F07C28582}.Release|Any CPU.ActiveCfg = Release|Any CPU
		{0BA48BC2-6DEA-4FE2-A78E-A54F07C28582}.Release|Any CPU.Build.0 = Release|Any CPU
	EndGlobalSection
	GlobalSection(SolutionProperties) = preSolution
		HideSolutionNode = FALSE
	EndGlobalSection
	GlobalSection(ExtensibilityGlobals) = postSolution
		SolutionGuid = {87F65F28-2AA6-469A-A8C7-4933A8F2EAA3}
	EndGlobalSection
EndGlobal
